{
  "pins" : [
    {
      "identity" : "swiftuix",
      "kind" : "remoteSourceControl",
      "location" : "https://github.com/SwiftUIX/SwiftUIX.git",
      "state" : {
        "branch" : "master",
        "revision" : "f43f8a6648da24834e6443d833431ecb46f71ed2"
      }
    }
  ],
  "version" : 2
}
